
Microsoft Visual Studio Solution File, Format Version 11.00
# Visual Studio 2010
Project("{FAE04EC0-301F-11D3-BF4B-00C04F79EFBC}") = "Assembly-CSharp", "Assembly-CSharp.csproj", "{19882013-06ce-5c1a-ee8a-6cf867b7eed9}"
EndProject
Project("{FAE04EC0-301F-11D3-BF4B-00C04F79EFBC}") = "Boxophobic.Utils.Scripts", "Boxophobic.Utils.Scripts.csproj", "{00b3735b-084a-2489-f8ee-586db143c6c7}"
EndProject
Project("{FAE04EC0-301F-11D3-BF4B-00C04F79EFBC}") = "Assembly-CSharp-Editor", "Assembly-CSharp-Editor.csproj", "{d727462b-b9b8-6455-4b2a-6b1cb1283eee}"
EndProject
Project("{FAE04EC0-301F-11D3-BF4B-00C04F79EFBC}") = "Boxophobic.Utils.Editor", "Boxophobic.Utils.Editor.csproj", "{5605d90e-0c5b-f95d-e0d7-11d2f9cd1e67}"
EndProject
Project("{FAE04EC0-301F-11D3-BF4B-00C04F79EFBC}") = "Boxophobic.SkyboxCubemapExtended.Editor", "Boxophobic.SkyboxCubemapExtended.Editor.csproj", "{4dc7a594-38dc-20c6-8f26-acba8034096c}"
EndProject
Global
	GlobalSection(SolutionConfigurationPlatforms) = preSolution
		Debug|Any CPU = Debug|Any CPU
	EndGlobalSection
	GlobalSection(ProjectConfigurationPlatforms) = postSolution
		{19882013-06ce-5c1a-ee8a-6cf867b7eed9}.Debug|Any CPU.ActiveCfg = Debug|Any CPU
		{19882013-06ce-5c1a-ee8a-6cf867b7eed9}.Debug|Any CPU.Build.0 = Debug|Any CPU
		{00b3735b-084a-2489-f8ee-586db143c6c7}.Debug|Any CPU.ActiveCfg = Debug|Any CPU
		{00b3735b-084a-2489-f8ee-586db143c6c7}.Debug|Any CPU.Build.0 = Debug|Any CPU
		{d727462b-b9b8-6455-4b2a-6b1cb1283eee}.Debug|Any CPU.ActiveCfg = Debug|Any CPU
		{d727462b-b9b8-6455-4b2a-6b1cb1283eee}.Debug|Any CPU.Build.0 = Debug|Any CPU
		{5605d90e-0c5b-f95d-e0d7-11d2f9cd1e67}.Debug|Any CPU.ActiveCfg = Debug|Any CPU
		{5605d90e-0c5b-f95d-e0d7-11d2f9cd1e67}.Debug|Any CPU.Build.0 = Debug|Any CPU
		{4dc7a594-38dc-20c6-8f26-acba8034096c}.Debug|Any CPU.ActiveCfg = Debug|Any CPU
		{4dc7a594-38dc-20c6-8f26-acba8034096c}.Debug|Any CPU.Build.0 = Debug|Any CPU
	EndGlobalSection
	GlobalSection(SolutionProperties) = preSolution
		HideSolutionNode = FALSE
	EndGlobalSection
EndGlobal
